
Microsoft Visual Studio Solution File, Format Version 12.00
# Visual Studio Version 16
VisualStudioVersion = 16.0.29306.81
MinimumVisualStudioVersion = 10.0.40219.1
Project("{8BC9CEB8-8B4A-11D0-8D11-00A0C91BC942}") = "Nonaga", "Nonaga\Nonaga.vcxproj", "{4FDD7E40-59CB-4173-81B3-1ACB4824D9EA}"
EndProject
Global
	GlobalSection(SolutionConfigurationPlatforms) = preSolution
		Debug|x64 = Debug|x64
		Debug|x86 = Debug|x86
		Release|x64 = Release|x64
		Release|x86 = Release|x86
	EndGlobalSection
	GlobalSection(ProjectConfigurationPlatforms) = postSolution
		{4FDD7E40-59CB-4173-81B3-1ACB4824D9EA}.Debug|x64.ActiveCfg = Debug|x64
		{4FDD7E40-59CB-4173-81B3-1ACB4824D9EA}.Debug|x64.Build.0 = Debug|x64
		{4FDD7E40-59CB-4173-81B3-1ACB4824D9EA}.Debug|x86.ActiveCfg = Debug|Win32
		{4FDD7E40-59CB-4173-81B3-1ACB4824D9EA}.Debug|x86.Build.0 = Debug|Win32
		{4FDD7E40-59CB-4173-81B3-1ACB4824D9EA}.Release|x64.ActiveCfg = Release|x64
		{4FDD7E40-59CB-4173-81B3-1ACB4824D9EA}.Release|x64.Build.0 = Release|x64
		{4FDD7E40-59CB-4173-81B3-1ACB4824D9EA}.Release|x86.ActiveCfg = Release|Win32
		{4FDD7E40-59CB-4173-81B3-1ACB4824D9EA}.Release|x86.Build.0 = Release|Win32
	EndGlobalSection
	GlobalSection(SolutionProperties) = preSolution
		HideSolutionNode = FALSE
	EndGlobalSection
	GlobalSection(ExtensibilityGlobals) = postSolution
		SolutionGuid = {B7303235-E90B-4D3B-9455-C1CB74949FD9}
	EndGlobalSection
EndGlobal
